
Microsoft Visual Studio Solution File, Format Version 12.00
# Visual Studio 15
VisualStudioVersion = 15.0.27428.2015
MinimumVisualStudioVersion = 10.0.40219.1
Project("{FAE04EC0-301F-11D3-BF4B-00C04F79EFBC}") = "Lab9", "Lab9\Lab9.csproj", "{6ECAFA00-EE36-4B57-B49D-54BA0B0641B6}"
EndProject
Global
	GlobalSection(SolutionConfigurationPlatforms) = preSolution
		Debug|Any CPU = Debug|Any CPU
		Release|Any CPU = Release|Any CPU
	EndGlobalSection
	GlobalSection(ProjectConfigurationPlatforms) = postSolution
		{6ECAFA00-EE36-4B57-B49D-54BA0B0641B6}.Debug|Any CPU.ActiveCfg = Debug|Any CPU
		{6ECAFA00-EE36-4B57-B49D-54BA0B0641B6}.Debug|Any CPU.Build.0 = Debug|Any CPU
		{6ECAFA00-EE36-4B57-B49D-54BA0B0641B6}.Release|Any CPU.ActiveCfg = Release|Any CPU
		{6ECAFA00-EE36-4B57-B49D-54BA0B0641B6}.Release|Any CPU.Build.0 = Release|Any CPU
	EndGlobalSection
	GlobalSection(SolutionProperties) = preSolution
		HideSolutionNode = FALSE
	EndGlobalSection
	GlobalSection(ExtensibilityGlobals) = postSolution
		SolutionGuid = {823766A5-EC55-4F20-8257-EDC81890F0B5}
	EndGlobalSection
EndGlobal
